{
  "nodes": {
    "nixpkgs": {
      "locked": {
        "lastModified": 1770081272,
        "narHash": "sha256-/hOqsaAPe1uXMDEfr+sNUEi6eHTvzQ3371aG3Jhbs0c=",
        "owner": "NixOS",
        "repo": "nixpkgs",
        "rev": "f2b013e3c1c5aadad51610d83823aa9c46511077",
        "type": "github"
      },
      "original": {
        "id": "nixpkgs",
        "ref": "nixos-25.11-small",
        "type": "indirect"
      }
    },
    "nixpkgs-tmp": {
      "locked": {
        "lastModified": 1767733475,
        "narHash": "sha256-huZITL/W55CatJtmRT6wda5pRPW/KM/hirNWH7UkHBg=",
        "ref": "refs/heads/master",
        "rev": "e3d47242b5a84a6e87316874d1e00888ff69993b",
        "revCount": 923323,
        "type": "git",
        "url": "https://github.com/NixOS/nixpkgs"
      },
      "original": {
        "rev": "e3d47242b5a84a6e87316874d1e00888ff69993b",
        "type": "git",
        "url": "https://github.com/NixOS/nixpkgs"
      }
    },
    "root": {
      "inputs": {
        "nixpkgs": "nixpkgs",
        "nixpkgs-tmp": "nixpkgs-tmp"
      }
    }
  },
  "root": "root",
  "version": 7
}
