{
  "nodes": {
    "nixpkgs": {
      "locked": {
        "lastModified": 1770036691,
        "narHash": "sha256-jNvn9TthNQE0ZOhUBDbo5lfQ73j7yv8j1sRAtUIbuA0=",
        "owner": "NixOS",
        "repo": "nixpkgs",
        "rev": "361b7832526dae101fd93cfd967079063c1d5f94",
        "type": "github"
      },
      "original": {
        "id": "nixpkgs",
        "ref": "nixos-25.11-small",
        "type": "indirect"
      }
    },
    "root": {
      "inputs": {
        "nixpkgs": "nixpkgs"
      }
    }
  },
  "root": "root",
  "version": 7
}
