{
  "nodes": {
    "nixpkgs": {
      "locked": {
        "lastModified": 1769078606,
        "narHash": "sha256-+kagqEu8V7FaEpCdpO93br091zwZfOxUPNVUsjEVvj4=",
        "owner": "NixOS",
        "repo": "nixpkgs",
        "rev": "e9c37a8d3d3e5b7dcdbdc36bad30e8558caabad7",
        "type": "github"
      },
      "original": {
        "id": "nixpkgs",
        "ref": "nixos-25.11-small",
        "type": "indirect"
      }
    },
    "root": {
      "inputs": {
        "nixpkgs": "nixpkgs"
      }
    }
  },
  "root": "root",
  "version": 7
}
